// !$*UTF8*$!
{
	archiveVersion = 1;
	classes = {
	};
	objectVersion = 56;
	objects = {

/* Begin PBXBuildFile section */
		010D0BCF2B60454300794EA7 /* Profile.json in Resources */ = {isa = PBXBuildFile; fileRef = 010D0BCE2B60454300794EA7 /* Profile.json */; };
		010D0BD22B6045FF00794EA7 /* ProfileModel.swift in Sources */ = {isa = PBXBuildFile; fileRef = 010D0BD12B6045FF00794EA7 /* ProfileModel.swift */; };
		010D0BD82B60466D00794EA7 /* 3.jpg in Resources */ = {isa = PBXBuildFile; fileRef = 010D0BD32B60466D00794EA7 /* 3.jpg */; };
		010D0BD92B60466D00794EA7 /* 2.jpg in Resources */ = {isa = PBXBuildFile; fileRef = 010D0BD42B60466D00794EA7 /* 2.jpg */; };
		010D0BDA2B60466D00794EA7 /* 1.jpg in Resources */ = {isa = PBXBuildFile; fileRef = 010D0BD52B60466D00794EA7 /* 1.jpg */; };
		010D0BDB2B60466D00794EA7 /* 4.jpg in Resources */ = {isa = PBXBuildFile; fileRef = 010D0BD62B60466D00794EA7 /* 4.jpg */; };
		010D0BDC2B60466D00794EA7 /* 5.jpg in Resources */ = {isa = PBXBuildFile; fileRef = 010D0BD72B60466D00794EA7 /* 5.jpg */; };
		010D0BDE2B60483900794EA7 /* ProfileCardView.swift in Sources */ = {isa = PBXBuildFile; fileRef = 010D0BDD2B60483900794EA7 /* ProfileCardView.swift */; };
		010D0BE02B604AA300794EA7 /* ProfileImageIndicatorView.swift in Sources */ = {isa = PBXBuildFile; fileRef = 010D0BDF2B604AA300794EA7 /* ProfileImageIndicatorView.swift */; };
		01CF0A1E2B6C3BCE00E5EAFE /* MatchesTableViewCell.swift in Sources */ = {isa = PBXBuildFile; fileRef = 01CF0A1D2B6C3BCE00E5EAFE /* MatchesTableViewCell.swift */; };
		01F4B80E2B61B51500B109E8 /* ChatsViewController.swift in Sources */ = {isa = PBXBuildFile; fileRef = 01F4B80D2B61B51500B109E8 /* ChatsViewController.swift */; };
		01FBEAC02B68264400A89F98 /* ChatTableViewCell.swift in Sources */ = {isa = PBXBuildFile; fileRef = 01FBEABF2B68264400A89F98 /* ChatTableViewCell.swift */; };
		01FC5F092B5F0D0F00C318D8 /* AppDelegate.swift in Sources */ = {isa = PBXBuildFile; fileRef = 01FC5F082B5F0D0F00C318D8 /* AppDelegate.swift */; };
		01FC5F0B2B5F0D0F00C318D8 /* SceneDelegate.swift in Sources */ = {isa = PBXBuildFile; fileRef = 01FC5F0A2B5F0D0F00C318D8 /* SceneDelegate.swift */; };
		01FC5F0D2B5F0D0F00C318D8 /* MainViewController.swift in Sources */ = {isa = PBXBuildFile; fileRef = 01FC5F0C2B5F0D0F00C318D8 /* MainViewController.swift */; };
		01FC5F122B5F0D1000C318D8 /* Assets.xcassets in Resources */ = {isa = PBXBuildFile; fileRef = 01FC5F112B5F0D1000C318D8 /* Assets.xcassets */; };
		01FC5F152B5F0D1000C318D8 /* LaunchScreen.storyboard in Resources */ = {isa = PBXBuildFile; fileRef = 01FC5F132B5F0D1000C318D8 /* LaunchScreen.storyboard */; };
/* End PBXBuildFile section */

/* Begin PBXFileReference section */
		010D0BCE2B60454300794EA7 /* Profile.json */ = {isa = PBXFileReference; lastKnownFileType = text.json; path = Profile.json; sourceTree = "<group>"; };
		010D0BD12B6045FF00794EA7 /* ProfileModel.swift */ = {isa = PBXFileReference; lastKnownFileType = sourcecode.swift; path = ProfileModel.swift; sourceTree = "<group>"; };
		010D0BD32B60466D00794EA7 /* 3.jpg */ = {isa = PBXFileReference; lastKnownFileType = image.jpeg; path = 3.jpg; sourceTree = "<group>"; };
		010D0BD42B60466D00794EA7 /* 2.jpg */ = {isa = PBXFileReference; lastKnownFileType = image.jpeg; path = 2.jpg; sourceTree = "<group>"; };
		010D0BD52B60466D00794EA7 /* 1.jpg */ = {isa = PBXFileReference; lastKnownFileType = image.jpeg; path = 1.jpg; sourceTree = "<group>"; };
		010D0BD62B60466D00794EA7 /* 4.jpg */ = {isa = PBXFileReference; lastKnownFileType = image.jpeg; path = 4.jpg; sourceTree = "<group>"; };
		010D0BD72B60466D00794EA7 /* 5.jpg */ = {isa = PBXFileReference; lastKnownFileType = image.jpeg; path = 5.jpg; sourceTree = "<group>"; };
		010D0BDD2B60483900794EA7 /* ProfileCardView.swift */ = {isa = PBXFileReference; lastKnownFileType = sourcecode.swift; path = ProfileCardView.swift; sourceTree = "<group>"; };
		010D0BDF2B604AA300794EA7 /* ProfileImageIndicatorView.swift */ = {isa = PBXFileReference; lastKnownFileType = sourcecode.swift; path = ProfileImageIndicatorView.swift; sourceTree = "<group>"; };
		01CF0A1D2B6C3BCE00E5EAFE /* MatchesTableViewCell.swift */ = {isa = PBXFileReference; lastKnownFileType = sourcecode.swift; path = MatchesTableViewCell.swift; sourceTree = "<group>"; };
		01F4B80D2B61B51500B109E8 /* ChatsViewController.swift */ = {isa = PBXFileReference; lastKnownFileType = sourcecode.swift; path = ChatsViewController.swift; sourceTree = "<group>"; };
		01FBEABF2B68264400A89F98 /* ChatTableViewCell.swift */ = {isa = PBXFileReference; lastKnownFileType = sourcecode.swift; path = ChatTableViewCell.swift; sourceTree = "<group>"; };
		01FC5F052B5F0D0F00C318D8 /* Tinderque-View.app */ = {isa = PBXFileReference; explicitFileType = wrapper.application; includeInIndex = 0; path = "Tinderque-View.app"; sourceTree = BUILT_PRODUCTS_DIR; };
		01FC5F082B5F0D0F00C318D8 /* AppDelegate.swift */ = {isa = PBXFileReference; lastKnownFileType = sourcecode.swift; path = AppDelegate.swift; sourceTree = "<group>"; };
		01FC5F0A2B5F0D0F00C318D8 /* SceneDelegate.swift */ = {isa = PBXFileReference; lastKnownFileType = sourcecode.swift; path = SceneDelegate.swift; sourceTree = "<group>"; };
		01FC5F0C2B5F0D0F00C318D8 /* MainViewController.swift */ = {isa = PBXFileReference; lastKnownFileType = sourcecode.swift; path = MainViewController.swift; sourceTree = "<group>"; };
		01FC5F112B5F0D1000C318D8 /* Assets.xcassets */ = {isa = PBXFileReference; lastKnownFileType = folder.assetcatalog; path = Assets.xcassets; sourceTree = "<group>"; };
		01FC5F142B5F0D1000C318D8 /* Base */ = {isa = PBXFileReference; lastKnownFileType = file.storyboard; name = Base; path = Base.lproj/LaunchScreen.storyboard; sourceTree = "<group>"; };
		01FC5F162B5F0D1000C318D8 /* Info.plist */ = {isa = PBXFileReference; lastKnownFileType = text.plist.xml; path = Info.plist; sourceTree = "<group>"; };
/* End PBXFileReference section */

/* Begin PBXFrameworksBuildPhase section */
		01FC5F022B5F0D0F00C318D8 /* Frameworks */ = {
			isa = PBXFrameworksBuildPhase;
			buildActionMask = 2147483647;
			files = (
			);
			runOnlyForDeploymentPostprocessing = 0;
		};
/* End PBXFrameworksBuildPhase section */

/* Begin PBXGroup section */
		010D0BCD2B60451200794EA7 /* Mock profile */ = {
			isa = PBXGroup;
			children = (
				010D0BD02B60458700794EA7 /* Images */,
				010D0BCE2B60454300794EA7 /* Profile.json */,
			);
			path = "Mock profile";
			sourceTree = "<group>";
		};
		010D0BD02B60458700794EA7 /* Images */ = {
			isa = PBXGroup;
			children = (
				010D0BD52B60466D00794EA7 /* 1.jpg */,
				010D0BD42B60466D00794EA7 /* 2.jpg */,
				010D0BD32B60466D00794EA7 /* 3.jpg */,
				010D0BD62B60466D00794EA7 /* 4.jpg */,
				010D0BD72B60466D00794EA7 /* 5.jpg */,
			);
			path = Images;
			sourceTree = "<group>";
		};
		01F4B80B2B61B4E300B109E8 /* MainScreen */ = {
			isa = PBXGroup;
			children = (
				01FC5F0C2B5F0D0F00C318D8 /* MainViewController.swift */,
				010D0BDF2B604AA300794EA7 /* ProfileImageIndicatorView.swift */,
				010D0BDD2B60483900794EA7 /* ProfileCardView.swift */,
			);
			path = MainScreen;
			sourceTree = "<group>";
		};
		01F4B80C2B61B4FB00B109E8 /* ChatsScreen */ = {
			isa = PBXGroup;
			children = (
				01F4B80D2B61B51500B109E8 /* ChatsViewController.swift */,
				01FBEABF2B68264400A89F98 /* ChatTableViewCell.swift */,
				01CF0A1D2B6C3BCE00E5EAFE /* MatchesTableViewCell.swift */,
			);
			path = ChatsScreen;
			sourceTree = "<group>";
		};
		01FC5EFC2B5F0D0F00C318D8 = {
			isa = PBXGroup;
			children = (
				01FC5F072B5F0D0F00C318D8 /* Tinderque-View */,
				01FC5F062B5F0D0F00C318D8 /* Products */,
			);
			sourceTree = "<group>";
		};
		01FC5F062B5F0D0F00C318D8 /* Products */ = {
			isa = PBXGroup;
			children = (
				01FC5F052B5F0D0F00C318D8 /* Tinderque-View.app */,
			);
			name = Products;
			sourceTree = "<group>";
		};
		01FC5F072B5F0D0F00C318D8 /* Tinderque-View */ = {
			isa = PBXGroup;
			children = (
				01FC5F082B5F0D0F00C318D8 /* AppDelegate.swift */,
				01FC5F0A2B5F0D0F00C318D8 /* SceneDelegate.swift */,
				01F4B80B2B61B4E300B109E8 /* MainScreen */,
				01F4B80C2B61B4FB00B109E8 /* ChatsScreen */,
				010D0BD12B6045FF00794EA7 /* ProfileModel.swift */,
				01FC5F112B5F0D1000C318D8 /* Assets.xcassets */,
				01FC5F132B5F0D1000C318D8 /* LaunchScreen.storyboard */,
				01FC5F162B5F0D1000C318D8 /* Info.plist */,
				010D0BCD2B60451200794EA7 /* Mock profile */,
			);
			path = "Tinderque-View";
			sourceTree = "<group>";
		};
/* End PBXGroup section */

/* Begin PBXNativeTarget section */
		01FC5F042B5F0D0F00C318D8 /* Tinderque-View */ = {
			isa = PBXNativeTarget;
			buildConfigurationList = 01FC5F192B5F0D1000C318D8 /* Build configuration list for PBXNativeTarget "Tinderque-View" */;
			buildPhases = (
				01FC5F012B5F0D0F00C318D8 /* Sources */,
				01FC5F022B5F0D0F00C318D8 /* Frameworks */,
				01FC5F032B5F0D0F00C318D8 /* Resources */,
			);
			buildRules = (
			);
			dependencies = (
			);
			name = "Tinderque-View";
			productName = "Tinderque-View";
			productReference = 01FC5F052B5F0D0F00C318D8 /* Tinderque-View.app */;
			productType = "com.apple.product-type.application";
		};
/* End PBXNativeTarget section */

/* Begin PBXProject section */
		01FC5EFD2B5F0D0F00C318D8 /* Project object */ = {
			isa = PBXProject;
			attributes = {
				BuildIndependentTargetsInParallel = 1;
				LastSwiftUpdateCheck = 1510;
				LastUpgradeCheck = 1510;
				TargetAttributes = {
					01FC5F042B5F0D0F00C318D8 = {
						CreatedOnToolsVersion = 15.1;
					};
				};
			};
			buildConfigurationList = 01FC5F002B5F0D0F00C318D8 /* Build configuration list for PBXProject "Tinderque-View" */;
			compatibilityVersion = "Xcode 14.0";
			developmentRegion = en;
			hasScannedForEncodings = 0;
			knownRegions = (
				en,
				Base,
			);
			mainGroup = 01FC5EFC2B5F0D0F00C318D8;
			productRefGroup = 01FC5F062B5F0D0F00C318D8 /* Products */;
			projectDirPath = "";
			projectRoot = "";
			targets = (
				01FC5F042B5F0D0F00C318D8 /* Tinderque-View */,
			);
		};
/* End PBXProject section */

/* Begin PBXResourcesBuildPhase section */
		01FC5F032B5F0D0F00C318D8 /* Resources */ = {
			isa = PBXResourcesBuildPhase;
			buildActionMask = 2147483647;
			files = (
				010D0BCF2B60454300794EA7 /* Profile.json in Resources */,
				010D0BDC2B60466D00794EA7 /* 5.jpg in Resources */,
				010D0BDB2B60466D00794EA7 /* 4.jpg in Resources */,
				01FC5F152B5F0D1000C318D8 /* LaunchScreen.storyboard in Resources */,
				010D0BD92B60466D00794EA7 /* 2.jpg in Resources */,
				010D0BDA2B60466D00794EA7 /* 1.jpg in Resources */,
				01FC5F122B5F0D1000C318D8 /* Assets.xcassets in Resources */,
				010D0BD82B60466D00794EA7 /* 3.jpg in Resources */,
			);
			runOnlyForDeploymentPostprocessing = 0;
		};
/* End PBXResourcesBuildPhase section */

/* Begin PBXSourcesBuildPhase section */
		01FC5F012B5F0D0F00C318D8 /* Sources */ = {
			isa = PBXSourcesBuildPhase;
			buildActionMask = 2147483647;
			files = (
				010D0BDE2B60483900794EA7 /* ProfileCardView.swift in Sources */,
				01CF0A1E2B6C3BCE00E5EAFE /* MatchesTableViewCell.swift in Sources */,
				01FC5F0D2B5F0D0F00C318D8 /* MainViewController.swift in Sources */,
				01FC5F092B5F0D0F00C318D8 /* AppDelegate.swift in Sources */,
				01FC5F0B2B5F0D0F00C318D8 /* SceneDelegate.swift in Sources */,
				01F4B80E2B61B51500B109E8 /* ChatsViewController.swift in Sources */,
				01FBEAC02B68264400A89F98 /* ChatTableViewCell.swift in Sources */,
				010D0BE02B604AA300794EA7 /* ProfileImageIndicatorView.swift in Sources */,
				010D0BD22B6045FF00794EA7 /* ProfileModel.swift in Sources */,
			);
			runOnlyForDeploymentPostprocessing = 0;
		};
/* End PBXSourcesBuildPhase section */

/* Begin PBXVariantGroup section */
		01FC5F132B5F0D1000C318D8 /* LaunchScreen.storyboard */ = {
			isa = PBXVariantGroup;
			children = (
				01FC5F142B5F0D1000C318D8 /* Base */,
			);
			name = LaunchScreen.storyboard;
			sourceTree = "<group>";
		};
/* End PBXVariantGroup section */

/* Begin XCBuildConfiguration section */
		01FC5F172B5F0D1000C318D8 /* Debug */ = {
			isa = XCBuildConfiguration;
			buildSettings = {
				ALWAYS_SEARCH_USER_PATHS = NO;
				ASSETCATALOG_COMPILER_GENERATE_SWIFT_ASSET_SYMBOL_EXTENSIONS = YES;
				CLANG_ANALYZER_NONNULL = YES;
				CLANG_ANALYZER_NUMBER_OBJECT_CONVERSION = YES_AGGRESSIVE;
				CLANG_CXX_LANGUAGE_STANDARD = "gnu++20";
				CLANG_ENABLE_MODULES = YES;
				CLANG_ENABLE_OBJC_ARC = YES;
				CLANG_ENABLE_OBJC_WEAK = YES;
				CLANG_WARN_BLOCK_CAPTURE_AUTORELEASING = YES;
				CLANG_WARN_BOOL_CONVERSION = YES;
				CLANG_WARN_COMMA = YES;
				CLANG_WARN_CONSTANT_CONVERSION = YES;
				CLANG_WARN_DEPRECATED_OBJC_IMPLEMENTATIONS = YES;
				CLANG_WARN_DIRECT_OBJC_ISA_USAGE = YES_ERROR;
				CLANG_WARN_DOCUMENTATION_COMMENTS = YES;
				CLANG_WARN_EMPTY_BODY = YES;
				CLANG_WARN_ENUM_CONVERSION = YES;
				CLANG_WARN_INFINITE_RECURSION = YES;
				CLANG_WARN_INT_CONVERSION = YES;
				CLANG_WARN_NON_LITERAL_NULL_CONVERSION = YES;
				CLANG_WARN_OBJC_IMPLICIT_RETAIN_SELF = YES;
				CLANG_WARN_OBJC_LITERAL_CONVERSION = YES;
				CLANG_WARN_OBJC_ROOT_CLASS = YES_ERROR;
				CLANG_WARN_QUOTED_INCLUDE_IN_FRAMEWORK_HEADER = YES;
				CLANG_WARN_RANGE_LOOP_ANALYSIS = YES;
				CLANG_WARN_STRICT_PROTOTYPES = YES;
				CLANG_WARN_SUSPICIOUS_MOVE = YES;
				CLANG_WARN_UNGUARDED_AVAILABILITY = YES_AGGRESSIVE;
				CLANG_WARN_UNREACHABLE_CODE = YES;
				CLANG_WARN__DUPLICATE_METHOD_MATCH = YES;
				COPY_PHASE_STRIP = NO;
				DEBUG_INFORMATION_FORMAT = dwarf;
				ENABLE_STRICT_OBJC_MSGSEND = YES;
				ENABLE_TESTABILITY = YES;
				ENABLE_USER_SCRIPT_SANDBOXING = YES;
				GCC_C_LANGUAGE_STANDARD = gnu17;
				GCC_DYNAMIC_NO_PIC = NO;
				GCC_NO_COMMON_BLOCKS = YES;
				GCC_OPTIMIZATION_LEVEL = 0;
				GCC_PREPROCESSOR_DEFINITIONS = (
					"DEBUG=1",
					"$(inherited)",
				);
				GCC_WARN_64_TO_32_BIT_CONVERSION = YES;
				GCC_WARN_ABOUT_RETURN_TYPE = YES_ERROR;
				GCC_WARN_UNDECLARED_SELECTOR = YES;
				GCC_WARN_UNINITIALIZED_AUTOS = YES_AGGRESSIVE;
				GCC_WARN_UNUSED_FUNCTION = YES;
				GCC_WARN_UNUSED_VARIABLE = YES;
				IPHONEOS_DEPLOYMENT_TARGET = 17.2;
				LOCALIZATION_PREFERS_STRING_CATALOGS = YES;
				MTL_ENABLE_DEBUG_INFO = INCLUDE_SOURCE;
				MTL_FAST_MATH = YES;
				ONLY_ACTIVE_ARCH = YES;
				SDKROOT = iphoneos;
				SWIFT_ACTIVE_COMPILATION_CONDITIONS = "DEBUG $(inherited)";
				SWIFT_OPTIMIZATION_LEVEL = "-Onone";
			};
			name = Debug;
		};
		01FC5F182B5F0D1000C318D8 /* Release */ = {
			isa = XCBuildConfiguration;
			buildSettings = {
				ALWAYS_SEARCH_USER_PATHS = NO;
				ASSETCATALOG_COMPILER_GENERATE_SWIFT_ASSET_SYMBOL_EXTENSIONS = YES;
				CLANG_ANALYZER_NONNULL = YES;
				CLANG_ANALYZER_NUMBER_OBJECT_CONVERSION = YES_AGGRESSIVE;
				CLANG_CXX_LANGUAGE_STANDARD = "gnu++20";
				CLANG_ENABLE_MODULES = YES;
				CLANG_ENABLE_OBJC_ARC = YES;
				CLANG_ENABLE_OBJC_WEAK = YES;
				CLANG_WARN_BLOCK_CAPTURE_AUTORELEASING = YES;
				CLANG_WARN_BOOL_CONVERSION = YES;
				CLANG_WARN_COMMA = YES;
				CLANG_WARN_CONSTANT_CONVERSION = YES;
				CLANG_WARN_DEPRECATED_OBJC_IMPLEMENTATIONS = YES;
				CLANG_WARN_DIRECT_OBJC_ISA_USAGE = YES_ERROR;
				CLANG_WARN_DOCUMENTATION_COMMENTS = YES;
				CLANG_WARN_EMPTY_BODY = YES;
				CLANG_WARN_ENUM_CONVERSION = YES;
				CLANG_WARN_INFINITE_RECURSION = YES;
				CLANG_WARN_INT_CONVERSION = YES;
				CLANG_WARN_NON_LITERAL_NULL_CONVERSION = YES;
				CLANG_WARN_OBJC_IMPLICIT_RETAIN_SELF = YES;
				CLANG_WARN_OBJC_LITERAL_CONVERSION = YES;
				CLANG_WARN_OBJC_ROOT_CLASS = YES_ERROR;
				CLANG_WARN_QUOTED_INCLUDE_IN_FRAMEWORK_HEADER = YES;
				CLANG_WARN_RANGE_LOOP_ANALYSIS = YES;
				CLANG_WARN_STRICT_PROTOTYPES = YES;
				CLANG_WARN_SUSPICIOUS_MOVE = YES;
				CLANG_WARN_UNGUARDED_AVAILABILITY = YES_AGGRESSIVE;
				CLANG_WARN_UNREACHABLE_CODE = YES;
				CLANG_WARN__DUPLICATE_METHOD_MATCH = YES;
				COPY_PHASE_STRIP = NO;
				DEBUG_INFORMATION_FORMAT = "dwarf-with-dsym";
				ENABLE_NS_ASSERTIONS = NO;
				ENABLE_STRICT_OBJC_MSGSEND = YES;
				ENABLE_USER_SCRIPT_SANDBOXING = YES;
				GCC_C_LANGUAGE_STANDARD = gnu17;
				GCC_NO_COMMON_BLOCKS = YES;
				GCC_WARN_64_TO_32_BIT_CONVERSION = YES;
				GCC_WARN_ABOUT_RETURN_TYPE = YES_ERROR;
				GCC_WARN_UNDECLARED_SELECTOR = YES;
				GCC_WARN_UNINITIALIZED_AUTOS = YES_AGGRESSIVE;
				GCC_WARN_UNUSED_FUNCTION = YES;
				GCC_WARN_UNUSED_VARIABLE = YES;
				IPHONEOS_DEPLOYMENT_TARGET = 17.2;
				LOCALIZATION_PREFERS_STRING_CATALOGS = YES;
				MTL_ENABLE_DEBUG_INFO = NO;
				MTL_FAST_MATH = YES;
				SDKROOT = iphoneos;
				SWIFT_COMPILATION_MODE = wholemodule;
				VALIDATE_PRODUCT = YES;
			};
			name = Release;
		};
		01FC5F1A2B5F0D1000C318D8 /* Debug */ = {
			isa = XCBuildConfiguration;
			buildSettings = {
				ASSETCATALOG_COMPILER_APPICON_NAME = AppIcon;
				ASSETCATALOG_COMPILER_GLOBAL_ACCENT_COLOR_NAME = AccentColor;
				CODE_SIGN_STYLE = Automatic;
				CURRENT_PROJECT_VERSION = 1;
				DEVELOPMENT_TEAM = 4S3J7NRC9R;
				GENERATE_INFOPLIST_FILE = YES;
				INFOPLIST_FILE = "Tinderque-View/Info.plist";
				INFOPLIST_KEY_UIApplicationSupportsIndirectInputEvents = YES;
				INFOPLIST_KEY_UILaunchStoryboardName = LaunchScreen.storyboard;
				INFOPLIST_KEY_UISupportedInterfaceOrientations_iPad = "UIInterfaceOrientationPortrait UIInterfaceOrientationPortraitUpsideDown UIInterfaceOrientationLandscapeLeft UIInterfaceOrientationLandscapeRight";
				INFOPLIST_KEY_UISupportedInterfaceOrientations_iPhone = "UIInterfaceOrientationPortrait UIInterfaceOrientationLandscapeLeft UIInterfaceOrientationLandscapeRight";
				IPHONEOS_DEPLOYMENT_TARGET = 17.0;
				LD_RUNPATH_SEARCH_PATHS = (
					"$(inherited)",
					"@executable_path/Frameworks",
				);
				MARKETING_VERSION = 1.0;
				PRODUCT_BUNDLE_IDENTIFIER = "com.roya1.test-app";
				PRODUCT_NAME = "$(TARGET_NAME)";
				SUPPORTED_PLATFORMS = "iphoneos iphonesimulator";
				SUPPORTS_MACCATALYST = NO;
				SUPPORTS_MAC_DESIGNED_FOR_IPHONE_IPAD = NO;
				SWIFT_EMIT_LOC_STRINGS = YES;
				SWIFT_VERSION = 5.0;
				TARGETED_DEVICE_FAMILY = 1;
			};
			name = Debug;
		};
		01FC5F1B2B5F0D1000C318D8 /* Release */ = {
			isa = XCBuildConfiguration;
			buildSettings = {
				ASSETCATALOG_COMPILER_APPICON_NAME = AppIcon;
				ASSETCATALOG_COMPILER_GLOBAL_ACCENT_COLOR_NAME = AccentColor;
				CODE_SIGN_STYLE = Automatic;
				CURRENT_PROJECT_VERSION = 1;
				DEVELOPMENT_TEAM = 4S3J7NRC9R;
				GENERATE_INFOPLIST_FILE = YES;
				INFOPLIST_FILE = "Tinderque-View/Info.plist";
				INFOPLIST_KEY_UIApplicationSupportsIndirectInputEvents = YES;
				INFOPLIST_KEY_UILaunchStoryboardName = LaunchScreen.storyboard;
				INFOPLIST_KEY_UISupportedInterfaceOrientations_iPad = "UIInterfaceOrientationPortrait UIInterfaceOrientationPortraitUpsideDown UIInterfaceOrientationLandscapeLeft UIInterfaceOrientationLandscapeRight";
				INFOPLIST_KEY_UISupportedInterfaceOrientations_iPhone = "UIInterfaceOrientationPortrait UIInterfaceOrientationLandscapeLeft UIInterfaceOrientationLandscapeRight";
				IPHONEOS_DEPLOYMENT_TARGET = 17.0;
				LD_RUNPATH_SEARCH_PATHS = (
					"$(inherited)",
					"@executable_path/Frameworks",
				);
				MARKETING_VERSION = 1.0;
				PRODUCT_BUNDLE_IDENTIFIER = "com.roya1.test-app";
				PRODUCT_NAME = "$(TARGET_NAME)";
				SUPPORTED_PLATFORMS = "iphoneos iphonesimulator";
				SUPPORTS_MACCATALYST = NO;
				SUPPORTS_MAC_DESIGNED_FOR_IPHONE_IPAD = NO;
				SWIFT_EMIT_LOC_STRINGS = YES;
				SWIFT_VERSION = 5.0;
				TARGETED_DEVICE_FAMILY = 1;
			};
			name = Release;
		};
/* End XCBuildConfiguration section */

/* Begin XCConfigurationList section */
		01FC5F002B5F0D0F00C318D8 /* Build configuration list for PBXProject "Tinderque-View" */ = {
			isa = XCConfigurationList;
			buildConfigurations = (
				01FC5F172B5F0D1000C318D8 /* Debug */,
				01FC5F182B5F0D1000C318D8 /* Release */,
			);
			defaultConfigurationIsVisible = 0;
			defaultConfigurationName = Release;
		};
		01FC5F192B5F0D1000C318D8 /* Build configuration list for PBXNativeTarget "Tinderque-View" */ = {
			isa = XCConfigurationList;
			buildConfigurations = (
				01FC5F1A2B5F0D1000C318D8 /* Debug */,
				01FC5F1B2B5F0D1000C318D8 /* Release */,
			);
			defaultConfigurationIsVisible = 0;
			defaultConfigurationName = Release;
		};
/* End XCConfigurationList section */
	};
	rootObject = 01FC5EFD2B5F0D0F00C318D8 /* Project object */;
}
