// !$*UTF8*$!
{
	archiveVersion = 1;
	classes = {
	};
	objectVersion = 56;
	objects = {

/* Begin PBXBuildFile section */
		011E70922ADFD925003E92F5 /* Main.storyboard in Resources */ = {isa = PBXBuildFile; fileRef = 011E70902ADFD925003E92F5 /* Main.storyboard */; };
		011E70942ADFD926003E92F5 /* Assets.xcassets in Resources */ = {isa = PBXBuildFile; fileRef = 011E70932ADFD926003E92F5 /* Assets.xcassets */; };
		011E70972ADFD926003E92F5 /* LaunchScreen.storyboard in Resources */ = {isa = PBXBuildFile; fileRef = 011E70952ADFD926003E92F5 /* LaunchScreen.storyboard */; };
		01524B692B7969D800D7D7CF /* AppDelegate.m in Sources */ = {isa = PBXBuildFile; fileRef = 01524B682B7969D800D7D7CF /* AppDelegate.m */; };
		01524B6B2B796A1B00D7D7CF /* main.m in Sources */ = {isa = PBXBuildFile; fileRef = 01524B6A2B796A1B00D7D7CF /* main.m */; };
		01524B6E2B796A4C00D7D7CF /* SceneDelegate.m in Sources */ = {isa = PBXBuildFile; fileRef = 01524B6D2B796A4C00D7D7CF /* SceneDelegate.m */; };
		0162A0342BE80C6C009B83E9 /* BetterToDoKit.docc in Sources */ = {isa = PBXBuildFile; fileRef = 0162A0332BE80C6C009B83E9 /* BetterToDoKit.docc */; };
		0162A0352BE80C6C009B83E9 /* BetterToDoKit.h in Headers */ = {isa = PBXBuildFile; fileRef = 0162A0322BE80C6C009B83E9 /* BetterToDoKit.h */; settings = {ATTRIBUTES = (Public, ); }; };
		0162A0382BE80C6C009B83E9 /* BetterToDoKit.framework in Frameworks */ = {isa = PBXBuildFile; fileRef = 0162A0302BE80C6C009B83E9 /* BetterToDoKit.framework */; };
		0162A0392BE80C6C009B83E9 /* BetterToDoKit.framework in Embed Frameworks */ = {isa = PBXBuildFile; fileRef = 0162A0302BE80C6C009B83E9 /* BetterToDoKit.framework */; settings = {ATTRIBUTES = (CodeSignOnCopy, RemoveHeadersOnCopy, ); }; };
		0162A03E2BE80C9D009B83E9 /* BTDToDoService.m in Sources */ = {isa = PBXBuildFile; fileRef = 011E70A12AE015E3003E92F5 /* BTDToDoService.m */; };
		0162A03F2BE80C9D009B83E9 /* BTDToDoItem.m in Sources */ = {isa = PBXBuildFile; fileRef = 011E70A52AE01C08003E92F5 /* BTDToDoItem.m */; };
		0162A0402BE80D08009B83E9 /* BTDToDoItem.h in Headers */ = {isa = PBXBuildFile; fileRef = 011E70A42AE01C08003E92F5 /* BTDToDoItem.h */; settings = {ATTRIBUTES = (Public, ); }; };
		0162A0412BE80D15009B83E9 /* BTDToDoService.h in Headers */ = {isa = PBXBuildFile; fileRef = 011E70A32AE0160E003E92F5 /* BTDToDoService.h */; settings = {ATTRIBUTES = (Public, ); }; };
		016F0B222B83D60A00C486B0 /* NewItemViewController.m in Sources */ = {isa = PBXBuildFile; fileRef = 016F0B212B83D60A00C486B0 /* NewItemViewController.m */; };
		01D22C6E2B7A223B0066B049 /* MainViewController.m in Sources */ = {isa = PBXBuildFile; fileRef = 01D22C6D2B7A223B0066B049 /* MainViewController.m */; };
		01F4EE472BECDADA00273C2E /* WidgetKit.framework in Frameworks */ = {isa = PBXBuildFile; fileRef = 01F4EE462BECDADA00273C2E /* WidgetKit.framework */; };
		01F4EE492BECDADA00273C2E /* SwiftUI.framework in Frameworks */ = {isa = PBXBuildFile; fileRef = 01F4EE482BECDADA00273C2E /* SwiftUI.framework */; };
		01F4EE4C2BECDADA00273C2E /* BetterToDoWidgetBundle.swift in Sources */ = {isa = PBXBuildFile; fileRef = 01F4EE4B2BECDADA00273C2E /* BetterToDoWidgetBundle.swift */; };
		01F4EE4E2BECDADA00273C2E /* BetterToDoWidget.swift in Sources */ = {isa = PBXBuildFile; fileRef = 01F4EE4D2BECDADA00273C2E /* BetterToDoWidget.swift */; };
		01F4EE502BECDADB00273C2E /* Assets.xcassets in Resources */ = {isa = PBXBuildFile; fileRef = 01F4EE4F2BECDADB00273C2E /* Assets.xcassets */; };
		01F4EE542BECDADB00273C2E /* BetterToDoWidgetExtension.appex in Embed Foundation Extensions */ = {isa = PBXBuildFile; fileRef = 01F4EE442BECDADA00273C2E /* BetterToDoWidgetExtension.appex */; settings = {ATTRIBUTES = (RemoveHeadersOnCopy, ); }; };
		01F4EE592BECDB2500273C2E /* BetterToDoKit.framework in Frameworks */ = {isa = PBXBuildFile; fileRef = 0162A0302BE80C6C009B83E9 /* BetterToDoKit.framework */; };
		01F4EE5A2BECDB2500273C2E /* BetterToDoKit.framework in Embed Frameworks */ = {isa = PBXBuildFile; fileRef = 0162A0302BE80C6C009B83E9 /* BetterToDoKit.framework */; settings = {ATTRIBUTES = (CodeSignOnCopy, RemoveHeadersOnCopy, ); }; };
/* End PBXBuildFile section */

/* Begin PBXContainerItemProxy section */
		0162A0362BE80C6C009B83E9 /* PBXContainerItemProxy */ = {
			isa = PBXContainerItemProxy;
			containerPortal = 011E707F2ADFD925003E92F5 /* Project object */;
			proxyType = 1;
			remoteGlobalIDString = 0162A02F2BE80C6C009B83E9;
			remoteInfo = BetterToDoKit;
		};
		01F4EE522BECDADB00273C2E /* PBXContainerItemProxy */ = {
			isa = PBXContainerItemProxy;
			containerPortal = 011E707F2ADFD925003E92F5 /* Project object */;
			proxyType = 1;
			remoteGlobalIDString = 01F4EE432BECDADA00273C2E;
			remoteInfo = BetterToDoWidgetExtension;
		};
		01F4EE5B2BECDB2500273C2E /* PBXContainerItemProxy */ = {
			isa = PBXContainerItemProxy;
			containerPortal = 011E707F2ADFD925003E92F5 /* Project object */;
			proxyType = 1;
			remoteGlobalIDString = 0162A02F2BE80C6C009B83E9;
			remoteInfo = BetterToDoKit;
		};
/* End PBXContainerItemProxy section */

/* Begin PBXCopyFilesBuildPhase section */
		0162A03A2BE80C6C009B83E9 /* Embed Frameworks */ = {
			isa = PBXCopyFilesBuildPhase;
			buildActionMask = 2147483647;
			dstPath = "";
			dstSubfolderSpec = 10;
			files = (
				0162A0392BE80C6C009B83E9 /* BetterToDoKit.framework in Embed Frameworks */,
			);
			name = "Embed Frameworks";
			runOnlyForDeploymentPostprocessing = 0;
		};
		01F4EE552BECDADB00273C2E /* Embed Foundation Extensions */ = {
			isa = PBXCopyFilesBuildPhase;
			buildActionMask = 2147483647;
			dstPath = "";
			dstSubfolderSpec = 13;
			files = (
				01F4EE542BECDADB00273C2E /* BetterToDoWidgetExtension.appex in Embed Foundation Extensions */,
			);
			name = "Embed Foundation Extensions";
			runOnlyForDeploymentPostprocessing = 0;
		};
		01F4EE5D2BECDB2500273C2E /* Embed Frameworks */ = {
			isa = PBXCopyFilesBuildPhase;
			buildActionMask = 2147483647;
			dstPath = "";
			dstSubfolderSpec = 10;
			files = (
				01F4EE5A2BECDB2500273C2E /* BetterToDoKit.framework in Embed Frameworks */,
			);
			name = "Embed Frameworks";
			runOnlyForDeploymentPostprocessing = 0;
		};
/* End PBXCopyFilesBuildPhase section */

/* Begin PBXFileReference section */
		011E70872ADFD925003E92F5 /* BetterToDo.app */ = {isa = PBXFileReference; explicitFileType = wrapper.application; includeInIndex = 0; path = BetterToDo.app; sourceTree = BUILT_PRODUCTS_DIR; };
		011E70912ADFD925003E92F5 /* Base */ = {isa = PBXFileReference; lastKnownFileType = file.storyboard; name = Base; path = Base.lproj/Main.storyboard; sourceTree = "<group>"; };
		011E70932ADFD926003E92F5 /* Assets.xcassets */ = {isa = PBXFileReference; lastKnownFileType = folder.assetcatalog; path = Assets.xcassets; sourceTree = "<group>"; };
		011E70962ADFD926003E92F5 /* Base */ = {isa = PBXFileReference; lastKnownFileType = file.storyboard; name = Base; path = Base.lproj/LaunchScreen.storyboard; sourceTree = "<group>"; };
		011E70982ADFD926003E92F5 /* Info.plist */ = {isa = PBXFileReference; lastKnownFileType = text.plist.xml; path = Info.plist; sourceTree = "<group>"; };
		011E70A12AE015E3003E92F5 /* BTDToDoService.m */ = {isa = PBXFileReference; lastKnownFileType = sourcecode.c.objc; path = BTDToDoService.m; sourceTree = "<group>"; };
		011E70A32AE0160E003E92F5 /* BTDToDoService.h */ = {isa = PBXFileReference; lastKnownFileType = sourcecode.c.h; path = BTDToDoService.h; sourceTree = "<group>"; };
		011E70A42AE01C08003E92F5 /* BTDToDoItem.h */ = {isa = PBXFileReference; lastKnownFileType = sourcecode.c.h; path = BTDToDoItem.h; sourceTree = "<group>"; };
		011E70A52AE01C08003E92F5 /* BTDToDoItem.m */ = {isa = PBXFileReference; lastKnownFileType = sourcecode.c.objc; path = BTDToDoItem.m; sourceTree = "<group>"; };
		01524B672B7969A200D7D7CF /* AppDelegate.h */ = {isa = PBXFileReference; lastKnownFileType = sourcecode.c.h; path = AppDelegate.h; sourceTree = "<group>"; };
		01524B682B7969D800D7D7CF /* AppDelegate.m */ = {isa = PBXFileReference; lastKnownFileType = sourcecode.c.objc; path = AppDelegate.m; sourceTree = "<group>"; };
		01524B6A2B796A1B00D7D7CF /* main.m */ = {isa = PBXFileReference; lastKnownFileType = sourcecode.c.objc; path = main.m; sourceTree = "<group>"; };
		01524B6C2B796A3700D7D7CF /* SceneDelegate.h */ = {isa = PBXFileReference; lastKnownFileType = sourcecode.c.h; path = SceneDelegate.h; sourceTree = "<group>"; };
		01524B6D2B796A4C00D7D7CF /* SceneDelegate.m */ = {isa = PBXFileReference; lastKnownFileType = sourcecode.c.objc; path = SceneDelegate.m; sourceTree = "<group>"; };
		0162A0302BE80C6C009B83E9 /* BetterToDoKit.framework */ = {isa = PBXFileReference; explicitFileType = wrapper.framework; includeInIndex = 0; path = BetterToDoKit.framework; sourceTree = BUILT_PRODUCTS_DIR; };
		0162A0322BE80C6C009B83E9 /* BetterToDoKit.h */ = {isa = PBXFileReference; lastKnownFileType = sourcecode.c.h; path = BetterToDoKit.h; sourceTree = "<group>"; };
		0162A0332BE80C6C009B83E9 /* BetterToDoKit.docc */ = {isa = PBXFileReference; lastKnownFileType = folder.documentationcatalog; path = BetterToDoKit.docc; sourceTree = "<group>"; };
		016F0B202B83D60A00C486B0 /* NewItemViewController.h */ = {isa = PBXFileReference; lastKnownFileType = sourcecode.c.h; path = NewItemViewController.h; sourceTree = "<group>"; };
		016F0B212B83D60A00C486B0 /* NewItemViewController.m */ = {isa = PBXFileReference; lastKnownFileType = sourcecode.c.objc; path = NewItemViewController.m; sourceTree = "<group>"; };
		01D22C6C2B7A223B0066B049 /* MainViewController.h */ = {isa = PBXFileReference; lastKnownFileType = sourcecode.c.h; path = MainViewController.h; sourceTree = "<group>"; };
		01D22C6D2B7A223B0066B049 /* MainViewController.m */ = {isa = PBXFileReference; lastKnownFileType = sourcecode.c.objc; path = MainViewController.m; sourceTree = "<group>"; };
		01F4EE442BECDADA00273C2E /* BetterToDoWidgetExtension.appex */ = {isa = PBXFileReference; explicitFileType = "wrapper.app-extension"; includeInIndex = 0; path = BetterToDoWidgetExtension.appex; sourceTree = BUILT_PRODUCTS_DIR; };
		01F4EE462BECDADA00273C2E /* WidgetKit.framework */ = {isa = PBXFileReference; lastKnownFileType = wrapper.framework; name = WidgetKit.framework; path = System/Library/Frameworks/WidgetKit.framework; sourceTree = SDKROOT; };
		01F4EE482BECDADA00273C2E /* SwiftUI.framework */ = {isa = PBXFileReference; lastKnownFileType = wrapper.framework; name = SwiftUI.framework; path = System/Library/Frameworks/SwiftUI.framework; sourceTree = SDKROOT; };
		01F4EE4B2BECDADA00273C2E /* BetterToDoWidgetBundle.swift */ = {isa = PBXFileReference; lastKnownFileType = sourcecode.swift; path = BetterToDoWidgetBundle.swift; sourceTree = "<group>"; };
		01F4EE4D2BECDADA00273C2E /* BetterToDoWidget.swift */ = {isa = PBXFileReference; lastKnownFileType = sourcecode.swift; path = BetterToDoWidget.swift; sourceTree = "<group>"; };
		01F4EE4F2BECDADB00273C2E /* Assets.xcassets */ = {isa = PBXFileReference; lastKnownFileType = folder.assetcatalog; path = Assets.xcassets; sourceTree = "<group>"; };
		01F4EE512BECDADB00273C2E /* Info.plist */ = {isa = PBXFileReference; lastKnownFileType = text.plist.xml; path = Info.plist; sourceTree = "<group>"; };
/* End PBXFileReference section */

/* Begin PBXFrameworksBuildPhase section */
		011E70842ADFD925003E92F5 /* Frameworks */ = {
			isa = PBXFrameworksBuildPhase;
			buildActionMask = 2147483647;
			files = (
				0162A0382BE80C6C009B83E9 /* BetterToDoKit.framework in Frameworks */,
			);
			runOnlyForDeploymentPostprocessing = 0;
		};
		0162A02D2BE80C6C009B83E9 /* Frameworks */ = {
			isa = PBXFrameworksBuildPhase;
			buildActionMask = 2147483647;
			files = (
			);
			runOnlyForDeploymentPostprocessing = 0;
		};
		01F4EE412BECDADA00273C2E /* Frameworks */ = {
			isa = PBXFrameworksBuildPhase;
			buildActionMask = 2147483647;
			files = (
				01F4EE592BECDB2500273C2E /* BetterToDoKit.framework in Frameworks */,
				01F4EE492BECDADA00273C2E /* SwiftUI.framework in Frameworks */,
				01F4EE472BECDADA00273C2E /* WidgetKit.framework in Frameworks */,
			);
			runOnlyForDeploymentPostprocessing = 0;
		};
/* End PBXFrameworksBuildPhase section */

/* Begin PBXGroup section */
		011E707E2ADFD925003E92F5 = {
			isa = PBXGroup;
			children = (
				011E70892ADFD925003E92F5 /* BetterToDo */,
				0162A0312BE80C6C009B83E9 /* BetterToDoKit */,
				01F4EE4A2BECDADA00273C2E /* BetterToDoWidget */,
				01F4EE452BECDADA00273C2E /* Frameworks */,
				011E70882ADFD925003E92F5 /* Products */,
			);
			sourceTree = "<group>";
		};
		011E70882ADFD925003E92F5 /* Products */ = {
			isa = PBXGroup;
			children = (
				011E70872ADFD925003E92F5 /* BetterToDo.app */,
				0162A0302BE80C6C009B83E9 /* BetterToDoKit.framework */,
				01F4EE442BECDADA00273C2E /* BetterToDoWidgetExtension.appex */,
			);
			name = Products;
			sourceTree = "<group>";
		};
		011E70892ADFD925003E92F5 /* BetterToDo */ = {
			isa = PBXGroup;
			children = (
				01524B672B7969A200D7D7CF /* AppDelegate.h */,
				01524B682B7969D800D7D7CF /* AppDelegate.m */,
				01524B6C2B796A3700D7D7CF /* SceneDelegate.h */,
				01524B6D2B796A4C00D7D7CF /* SceneDelegate.m */,
				01D22C6C2B7A223B0066B049 /* MainViewController.h */,
				01D22C6D2B7A223B0066B049 /* MainViewController.m */,
				016F0B202B83D60A00C486B0 /* NewItemViewController.h */,
				016F0B212B83D60A00C486B0 /* NewItemViewController.m */,
				011E70902ADFD925003E92F5 /* Main.storyboard */,
				011E70932ADFD926003E92F5 /* Assets.xcassets */,
				011E70952ADFD926003E92F5 /* LaunchScreen.storyboard */,
				011E70982ADFD926003E92F5 /* Info.plist */,
				01524B6A2B796A1B00D7D7CF /* main.m */,
			);
			path = BetterToDo;
			sourceTree = "<group>";
		};
		0162A0312BE80C6C009B83E9 /* BetterToDoKit */ = {
			isa = PBXGroup;
			children = (
				0162A0322BE80C6C009B83E9 /* BetterToDoKit.h */,
				011E70A32AE0160E003E92F5 /* BTDToDoService.h */,
				011E70A12AE015E3003E92F5 /* BTDToDoService.m */,
				011E70A42AE01C08003E92F5 /* BTDToDoItem.h */,
				011E70A52AE01C08003E92F5 /* BTDToDoItem.m */,
				0162A0332BE80C6C009B83E9 /* BetterToDoKit.docc */,
			);
			path = BetterToDoKit;
			sourceTree = "<group>";
		};
		01F4EE452BECDADA00273C2E /* Frameworks */ = {
			isa = PBXGroup;
			children = (
				01F4EE462BECDADA00273C2E /* WidgetKit.framework */,
				01F4EE482BECDADA00273C2E /* SwiftUI.framework */,
			);
			name = Frameworks;
			sourceTree = "<group>";
		};
		01F4EE4A2BECDADA00273C2E /* BetterToDoWidget */ = {
			isa = PBXGroup;
			children = (
				01F4EE4B2BECDADA00273C2E /* BetterToDoWidgetBundle.swift */,
				01F4EE4D2BECDADA00273C2E /* BetterToDoWidget.swift */,
				01F4EE4F2BECDADB00273C2E /* Assets.xcassets */,
				01F4EE512BECDADB00273C2E /* Info.plist */,
			);
			path = BetterToDoWidget;
			sourceTree = "<group>";
		};
/* End PBXGroup section */

/* Begin PBXHeadersBuildPhase section */
		0162A02B2BE80C6C009B83E9 /* Headers */ = {
			isa = PBXHeadersBuildPhase;
			buildActionMask = 2147483647;
			files = (
				0162A0412BE80D15009B83E9 /* BTDToDoService.h in Headers */,
				0162A0352BE80C6C009B83E9 /* BetterToDoKit.h in Headers */,
				0162A0402BE80D08009B83E9 /* BTDToDoItem.h in Headers */,
			);
			runOnlyForDeploymentPostprocessing = 0;
		};
/* End PBXHeadersBuildPhase section */

/* Begin PBXNativeTarget section */
		011E70862ADFD925003E92F5 /* BetterToDo */ = {
			isa = PBXNativeTarget;
			buildConfigurationList = 011E709B2ADFD926003E92F5 /* Build configuration list for PBXNativeTarget "BetterToDo" */;
			buildPhases = (
				011E70832ADFD925003E92F5 /* Sources */,
				011E70842ADFD925003E92F5 /* Frameworks */,
				011E70852ADFD925003E92F5 /* Resources */,
				0162A03A2BE80C6C009B83E9 /* Embed Frameworks */,
				01F4EE552BECDADB00273C2E /* Embed Foundation Extensions */,
			);
			buildRules = (
			);
			dependencies = (
				0162A0372BE80C6C009B83E9 /* PBXTargetDependency */,
				01F4EE532BECDADB00273C2E /* PBXTargetDependency */,
			);
			name = BetterToDo;
			productName = BetterToDo;
			productReference = 011E70872ADFD925003E92F5 /* BetterToDo.app */;
			productType = "com.apple.product-type.application";
		};
		0162A02F2BE80C6C009B83E9 /* BetterToDoKit */ = {
			isa = PBXNativeTarget;
			buildConfigurationList = 0162A03D2BE80C6C009B83E9 /* Build configuration list for PBXNativeTarget "BetterToDoKit" */;
			buildPhases = (
				0162A02B2BE80C6C009B83E9 /* Headers */,
				0162A02C2BE80C6C009B83E9 /* Sources */,
				0162A02D2BE80C6C009B83E9 /* Frameworks */,
				0162A02E2BE80C6C009B83E9 /* Resources */,
			);
			buildRules = (
			);
			dependencies = (
			);
			name = BetterToDoKit;
			productName = BetterToDoKit;
			productReference = 0162A0302BE80C6C009B83E9 /* BetterToDoKit.framework */;
			productType = "com.apple.product-type.framework";
		};
		01F4EE432BECDADA00273C2E /* BetterToDoWidgetExtension */ = {
			isa = PBXNativeTarget;
			buildConfigurationList = 01F4EE582BECDADB00273C2E /* Build configuration list for PBXNativeTarget "BetterToDoWidgetExtension" */;
			buildPhases = (
				01F4EE402BECDADA00273C2E /* Sources */,
				01F4EE412BECDADA00273C2E /* Frameworks */,
				01F4EE422BECDADA00273C2E /* Resources */,
				01F4EE5D2BECDB2500273C2E /* Embed Frameworks */,
			);
			buildRules = (
			);
			dependencies = (
				01F4EE5C2BECDB2500273C2E /* PBXTargetDependency */,
			);
			name = BetterToDoWidgetExtension;
			productName = BetterToDoWidgetExtension;
			productReference = 01F4EE442BECDADA00273C2E /* BetterToDoWidgetExtension.appex */;
			productType = "com.apple.product-type.app-extension";
		};
/* End PBXNativeTarget section */

/* Begin PBXProject section */
		011E707F2ADFD925003E92F5 /* Project object */ = {
			isa = PBXProject;
			attributes = {
				BuildIndependentTargetsInParallel = 1;
				LastSwiftUpdateCheck = 1530;
				LastUpgradeCheck = 1500;
				TargetAttributes = {
					011E70862ADFD925003E92F5 = {
						CreatedOnToolsVersion = 15.0;
						LastSwiftMigration = 1500;
					};
					0162A02F2BE80C6C009B83E9 = {
						CreatedOnToolsVersion = 15.3;
					};
					01F4EE432BECDADA00273C2E = {
						CreatedOnToolsVersion = 15.3;
					};
				};
			};
			buildConfigurationList = 011E70822ADFD925003E92F5 /* Build configuration list for PBXProject "BetterToDo" */;
			compatibilityVersion = "Xcode 14.0";
			developmentRegion = en;
			hasScannedForEncodings = 0;
			knownRegions = (
				en,
				Base,
			);
			mainGroup = 011E707E2ADFD925003E92F5;
			productRefGroup = 011E70882ADFD925003E92F5 /* Products */;
			projectDirPath = "";
			projectRoot = "";
			targets = (
				011E70862ADFD925003E92F5 /* BetterToDo */,
				0162A02F2BE80C6C009B83E9 /* BetterToDoKit */,
				01F4EE432BECDADA00273C2E /* BetterToDoWidgetExtension */,
			);
		};
/* End PBXProject section */

/* Begin PBXResourcesBuildPhase section */
		011E70852ADFD925003E92F5 /* Resources */ = {
			isa = PBXResourcesBuildPhase;
			buildActionMask = 2147483647;
			files = (
				011E70972ADFD926003E92F5 /* LaunchScreen.storyboard in Resources */,
				011E70942ADFD926003E92F5 /* Assets.xcassets in Resources */,
				011E70922ADFD925003E92F5 /* Main.storyboard in Resources */,
			);
			runOnlyForDeploymentPostprocessing = 0;
		};
		0162A02E2BE80C6C009B83E9 /* Resources */ = {
			isa = PBXResourcesBuildPhase;
			buildActionMask = 2147483647;
			files = (
			);
			runOnlyForDeploymentPostprocessing = 0;
		};
		01F4EE422BECDADA00273C2E /* Resources */ = {
			isa = PBXResourcesBuildPhase;
			buildActionMask = 2147483647;
			files = (
				01F4EE502BECDADB00273C2E /* Assets.xcassets in Resources */,
			);
			runOnlyForDeploymentPostprocessing = 0;
		};
/* End PBXResourcesBuildPhase section */

/* Begin PBXSourcesBuildPhase section */
		011E70832ADFD925003E92F5 /* Sources */ = {
			isa = PBXSourcesBuildPhase;
			buildActionMask = 2147483647;
			files = (
				01524B6E2B796A4C00D7D7CF /* SceneDelegate.m in Sources */,
				01524B692B7969D800D7D7CF /* AppDelegate.m in Sources */,
				01D22C6E2B7A223B0066B049 /* MainViewController.m in Sources */,
				016F0B222B83D60A00C486B0 /* NewItemViewController.m in Sources */,
				01524B6B2B796A1B00D7D7CF /* main.m in Sources */,
			);
			runOnlyForDeploymentPostprocessing = 0;
		};
		0162A02C2BE80C6C009B83E9 /* Sources */ = {
			isa = PBXSourcesBuildPhase;
			buildActionMask = 2147483647;
			files = (
				0162A03F2BE80C9D009B83E9 /* BTDToDoItem.m in Sources */,
				0162A0342BE80C6C009B83E9 /* BetterToDoKit.docc in Sources */,
				0162A03E2BE80C9D009B83E9 /* BTDToDoService.m in Sources */,
			);
			runOnlyForDeploymentPostprocessing = 0;
		};
		01F4EE402BECDADA00273C2E /* Sources */ = {
			isa = PBXSourcesBuildPhase;
			buildActionMask = 2147483647;
			files = (
				01F4EE4C2BECDADA00273C2E /* BetterToDoWidgetBundle.swift in Sources */,
				01F4EE4E2BECDADA00273C2E /* BetterToDoWidget.swift in Sources */,
			);
			runOnlyForDeploymentPostprocessing = 0;
		};
/* End PBXSourcesBuildPhase section */

/* Begin PBXTargetDependency section */
		0162A0372BE80C6C009B83E9 /* PBXTargetDependency */ = {
			isa = PBXTargetDependency;
			target = 0162A02F2BE80C6C009B83E9 /* BetterToDoKit */;
			targetProxy = 0162A0362BE80C6C009B83E9 /* PBXContainerItemProxy */;
		};
		01F4EE532BECDADB00273C2E /* PBXTargetDependency */ = {
			isa = PBXTargetDependency;
			target = 01F4EE432BECDADA00273C2E /* BetterToDoWidgetExtension */;
			targetProxy = 01F4EE522BECDADB00273C2E /* PBXContainerItemProxy */;
		};
		01F4EE5C2BECDB2500273C2E /* PBXTargetDependency */ = {
			isa = PBXTargetDependency;
			target = 0162A02F2BE80C6C009B83E9 /* BetterToDoKit */;
			targetProxy = 01F4EE5B2BECDB2500273C2E /* PBXContainerItemProxy */;
		};
/* End PBXTargetDependency section */

/* Begin PBXVariantGroup section */
		011E70902ADFD925003E92F5 /* Main.storyboard */ = {
			isa = PBXVariantGroup;
			children = (
				011E70912ADFD925003E92F5 /* Base */,
			);
			name = Main.storyboard;
			sourceTree = "<group>";
		};
		011E70952ADFD926003E92F5 /* LaunchScreen.storyboard */ = {
			isa = PBXVariantGroup;
			children = (
				011E70962ADFD926003E92F5 /* Base */,
			);
			name = LaunchScreen.storyboard;
			sourceTree = "<group>";
		};
/* End PBXVariantGroup section */

/* Begin XCBuildConfiguration section */
		011E70992ADFD926003E92F5 /* Debug */ = {
			isa = XCBuildConfiguration;
			buildSettings = {
				ALWAYS_SEARCH_USER_PATHS = NO;
				ASSETCATALOG_COMPILER_GENERATE_SWIFT_ASSET_SYMBOL_EXTENSIONS = YES;
				CLANG_ANALYZER_NONNULL = YES;
				CLANG_ANALYZER_NUMBER_OBJECT_CONVERSION = YES_AGGRESSIVE;
				CLANG_CXX_LANGUAGE_STANDARD = "gnu++20";
				CLANG_ENABLE_MODULES = YES;
				CLANG_ENABLE_OBJC_ARC = YES;
				CLANG_ENABLE_OBJC_WEAK = YES;
				CLANG_WARN_BLOCK_CAPTURE_AUTORELEASING = YES;
				CLANG_WARN_BOOL_CONVERSION = YES;
				CLANG_WARN_COMMA = YES;
				CLANG_WARN_CONSTANT_CONVERSION = YES;
				CLANG_WARN_DEPRECATED_OBJC_IMPLEMENTATIONS = YES;
				CLANG_WARN_DIRECT_OBJC_ISA_USAGE = YES_ERROR;
				CLANG_WARN_DOCUMENTATION_COMMENTS = YES;
				CLANG_WARN_EMPTY_BODY = YES;
				CLANG_WARN_ENUM_CONVERSION = YES;
				CLANG_WARN_INFINITE_RECURSION = YES;
				CLANG_WARN_INT_CONVERSION = YES;
				CLANG_WARN_NON_LITERAL_NULL_CONVERSION = YES;
				CLANG_WARN_OBJC_IMPLICIT_RETAIN_SELF = YES;
				CLANG_WARN_OBJC_LITERAL_CONVERSION = YES;
				CLANG_WARN_OBJC_ROOT_CLASS = YES_ERROR;
				CLANG_WARN_QUOTED_INCLUDE_IN_FRAMEWORK_HEADER = YES;
				CLANG_WARN_RANGE_LOOP_ANALYSIS = YES;
				CLANG_WARN_STRICT_PROTOTYPES = YES;
				CLANG_WARN_SUSPICIOUS_MOVE = YES;
				CLANG_WARN_UNGUARDED_AVAILABILITY = YES_AGGRESSIVE;
				CLANG_WARN_UNREACHABLE_CODE = YES;
				CLANG_WARN__DUPLICATE_METHOD_MATCH = YES;
				COPY_PHASE_STRIP = NO;
				DEBUG_INFORMATION_FORMAT = dwarf;
				ENABLE_STRICT_OBJC_MSGSEND = YES;
				ENABLE_TESTABILITY = YES;
				ENABLE_USER_SCRIPT_SANDBOXING = YES;
				GCC_C_LANGUAGE_STANDARD = gnu17;
				GCC_DYNAMIC_NO_PIC = NO;
				GCC_NO_COMMON_BLOCKS = YES;
				GCC_OPTIMIZATION_LEVEL = 0;
				GCC_PREPROCESSOR_DEFINITIONS = (
					"DEBUG=1",
					"$(inherited)",
				);
				GCC_WARN_64_TO_32_BIT_CONVERSION = YES;
				GCC_WARN_ABOUT_RETURN_TYPE = YES_ERROR;
				GCC_WARN_UNDECLARED_SELECTOR = YES;
				GCC_WARN_UNINITIALIZED_AUTOS = YES_AGGRESSIVE;
				GCC_WARN_UNUSED_FUNCTION = YES;
				GCC_WARN_UNUSED_VARIABLE = YES;
				IPHONEOS_DEPLOYMENT_TARGET = 17.0;
				LOCALIZATION_PREFERS_STRING_CATALOGS = YES;
				MTL_ENABLE_DEBUG_INFO = INCLUDE_SOURCE;
				MTL_FAST_MATH = YES;
				ONLY_ACTIVE_ARCH = YES;
				SDKROOT = iphoneos;
				SWIFT_ACTIVE_COMPILATION_CONDITIONS = "DEBUG $(inherited)";
				SWIFT_OPTIMIZATION_LEVEL = "-Onone";
			};
			name = Debug;
		};
		011E709A2ADFD926003E92F5 /* Release */ = {
			isa = XCBuildConfiguration;
			buildSettings = {
				ALWAYS_SEARCH_USER_PATHS = NO;
				ASSETCATALOG_COMPILER_GENERATE_SWIFT_ASSET_SYMBOL_EXTENSIONS = YES;
				CLANG_ANALYZER_NONNULL = YES;
				CLANG_ANALYZER_NUMBER_OBJECT_CONVERSION = YES_AGGRESSIVE;
				CLANG_CXX_LANGUAGE_STANDARD = "gnu++20";
				CLANG_ENABLE_MODULES = YES;
				CLANG_ENABLE_OBJC_ARC = YES;
				CLANG_ENABLE_OBJC_WEAK = YES;
				CLANG_WARN_BLOCK_CAPTURE_AUTORELEASING = YES;
				CLANG_WARN_BOOL_CONVERSION = YES;
				CLANG_WARN_COMMA = YES;
				CLANG_WARN_CONSTANT_CONVERSION = YES;
				CLANG_WARN_DEPRECATED_OBJC_IMPLEMENTATIONS = YES;
				CLANG_WARN_DIRECT_OBJC_ISA_USAGE = YES_ERROR;
				CLANG_WARN_DOCUMENTATION_COMMENTS = YES;
				CLANG_WARN_EMPTY_BODY = YES;
				CLANG_WARN_ENUM_CONVERSION = YES;
				CLANG_WARN_INFINITE_RECURSION = YES;
				CLANG_WARN_INT_CONVERSION = YES;
				CLANG_WARN_NON_LITERAL_NULL_CONVERSION = YES;
				CLANG_WARN_OBJC_IMPLICIT_RETAIN_SELF = YES;
				CLANG_WARN_OBJC_LITERAL_CONVERSION = YES;
				CLANG_WARN_OBJC_ROOT_CLASS = YES_ERROR;
				CLANG_WARN_QUOTED_INCLUDE_IN_FRAMEWORK_HEADER = YES;
				CLANG_WARN_RANGE_LOOP_ANALYSIS = YES;
				CLANG_WARN_STRICT_PROTOTYPES = YES;
				CLANG_WARN_SUSPICIOUS_MOVE = YES;
				CLANG_WARN_UNGUARDED_AVAILABILITY = YES_AGGRESSIVE;
				CLANG_WARN_UNREACHABLE_CODE = YES;
				CLANG_WARN__DUPLICATE_METHOD_MATCH = YES;
				COPY_PHASE_STRIP = NO;
				DEBUG_INFORMATION_FORMAT = "dwarf-with-dsym";
				ENABLE_NS_ASSERTIONS = NO;
				ENABLE_STRICT_OBJC_MSGSEND = YES;
				ENABLE_USER_SCRIPT_SANDBOXING = YES;
				GCC_C_LANGUAGE_STANDARD = gnu17;
				GCC_NO_COMMON_BLOCKS = YES;
				GCC_WARN_64_TO_32_BIT_CONVERSION = YES;
				GCC_WARN_ABOUT_RETURN_TYPE = YES_ERROR;
				GCC_WARN_UNDECLARED_SELECTOR = YES;
				GCC_WARN_UNINITIALIZED_AUTOS = YES_AGGRESSIVE;
				GCC_WARN_UNUSED_FUNCTION = YES;
				GCC_WARN_UNUSED_VARIABLE = YES;
				IPHONEOS_DEPLOYMENT_TARGET = 17.0;
				LOCALIZATION_PREFERS_STRING_CATALOGS = YES;
				MTL_ENABLE_DEBUG_INFO = NO;
				MTL_FAST_MATH = YES;
				SDKROOT = iphoneos;
				SWIFT_COMPILATION_MODE = wholemodule;
				VALIDATE_PRODUCT = YES;
			};
			name = Release;
		};
		011E709C2ADFD926003E92F5 /* Debug */ = {
			isa = XCBuildConfiguration;
			buildSettings = {
				ALWAYS_EMBED_SWIFT_STANDARD_LIBRARIES = YES;
				ASSETCATALOG_COMPILER_APPICON_NAME = AppIcon;
				ASSETCATALOG_COMPILER_GLOBAL_ACCENT_COLOR_NAME = AccentColor;
				CLANG_ENABLE_MODULES = YES;
				CODE_SIGN_STYLE = Automatic;
				CURRENT_PROJECT_VERSION = 1;
				DEVELOPMENT_TEAM = 4S3J7NRC9R;
				GENERATE_INFOPLIST_FILE = YES;
				INFOPLIST_FILE = BetterToDo/Info.plist;
				INFOPLIST_KEY_UIApplicationSupportsIndirectInputEvents = YES;
				INFOPLIST_KEY_UILaunchStoryboardName = LaunchScreen;
				INFOPLIST_KEY_UIMainStoryboardFile = Main;
				INFOPLIST_KEY_UISupportedInterfaceOrientations_iPad = "UIInterfaceOrientationPortrait UIInterfaceOrientationPortraitUpsideDown UIInterfaceOrientationLandscapeLeft UIInterfaceOrientationLandscapeRight";
				INFOPLIST_KEY_UISupportedInterfaceOrientations_iPhone = "UIInterfaceOrientationPortrait UIInterfaceOrientationLandscapeLeft UIInterfaceOrientationLandscapeRight";
				LD_RUNPATH_SEARCH_PATHS = (
					"$(inherited)",
					"@executable_path/Frameworks",
				);
				MARKETING_VERSION = 1.0;
				PRODUCT_BUNDLE_IDENTIFIER = com.roya1v.BetterToDo;
				PRODUCT_NAME = "$(TARGET_NAME)";
				SWIFT_EMIT_LOC_STRINGS = YES;
				SWIFT_OBJC_BRIDGING_HEADER = "BetterToDo/BetterToDo-Bridging-Header.h";
				SWIFT_OPTIMIZATION_LEVEL = "-Onone";
				SWIFT_VERSION = 5.0;
				TARGETED_DEVICE_FAMILY = "1,2";
			};
			name = Debug;
		};
		011E709D2ADFD926003E92F5 /* Release */ = {
			isa = XCBuildConfiguration;
			buildSettings = {
				ALWAYS_EMBED_SWIFT_STANDARD_LIBRARIES = YES;
				ASSETCATALOG_COMPILER_APPICON_NAME = AppIcon;
				ASSETCATALOG_COMPILER_GLOBAL_ACCENT_COLOR_NAME = AccentColor;
				CLANG_ENABLE_MODULES = YES;
				CODE_SIGN_STYLE = Automatic;
				CURRENT_PROJECT_VERSION = 1;
				DEVELOPMENT_TEAM = 4S3J7NRC9R;
				GENERATE_INFOPLIST_FILE = YES;
				INFOPLIST_FILE = BetterToDo/Info.plist;
				INFOPLIST_KEY_UIApplicationSupportsIndirectInputEvents = YES;
				INFOPLIST_KEY_UILaunchStoryboardName = LaunchScreen;
				INFOPLIST_KEY_UIMainStoryboardFile = Main;
				INFOPLIST_KEY_UISupportedInterfaceOrientations_iPad = "UIInterfaceOrientationPortrait UIInterfaceOrientationPortraitUpsideDown UIInterfaceOrientationLandscapeLeft UIInterfaceOrientationLandscapeRight";
				INFOPLIST_KEY_UISupportedInterfaceOrientations_iPhone = "UIInterfaceOrientationPortrait UIInterfaceOrientationLandscapeLeft UIInterfaceOrientationLandscapeRight";
				LD_RUNPATH_SEARCH_PATHS = (
					"$(inherited)",
					"@executable_path/Frameworks",
				);
				MARKETING_VERSION = 1.0;
				PRODUCT_BUNDLE_IDENTIFIER = com.roya1v.BetterToDo;
				PRODUCT_NAME = "$(TARGET_NAME)";
				SWIFT_EMIT_LOC_STRINGS = YES;
				SWIFT_OBJC_BRIDGING_HEADER = "BetterToDo/BetterToDo-Bridging-Header.h";
				SWIFT_VERSION = 5.0;
				TARGETED_DEVICE_FAMILY = "1,2";
			};
			name = Release;
		};
		0162A03B2BE80C6C009B83E9 /* Debug */ = {
			isa = XCBuildConfiguration;
			buildSettings = {
				CODE_SIGN_STYLE = Automatic;
				CURRENT_PROJECT_VERSION = 1;
				DEFINES_MODULE = YES;
				DEVELOPMENT_TEAM = 4S3J7NRC9R;
				DYLIB_COMPATIBILITY_VERSION = 1;
				DYLIB_CURRENT_VERSION = 1;
				DYLIB_INSTALL_NAME_BASE = "@rpath";
				ENABLE_MODULE_VERIFIER = YES;
				GENERATE_INFOPLIST_FILE = YES;
				INFOPLIST_KEY_NSHumanReadableCopyright = "";
				INSTALL_PATH = "$(LOCAL_LIBRARY_DIR)/Frameworks";
				IPHONEOS_DEPLOYMENT_TARGET = 17.4;
				LD_RUNPATH_SEARCH_PATHS = (
					"$(inherited)",
					"@executable_path/Frameworks",
					"@loader_path/Frameworks",
				);
				MARKETING_VERSION = 1.0;
				MODULE_VERIFIER_SUPPORTED_LANGUAGES = "objective-c objective-c++";
				MODULE_VERIFIER_SUPPORTED_LANGUAGE_STANDARDS = "gnu17 gnu++20";
				PRODUCT_BUNDLE_IDENTIFIER = com.roya1.BetterToDoKit;
				PRODUCT_NAME = "$(TARGET_NAME:c99extidentifier)";
				SKIP_INSTALL = YES;
				SWIFT_EMIT_LOC_STRINGS = YES;
				TARGETED_DEVICE_FAMILY = "1,2";
				VERSIONING_SYSTEM = "apple-generic";
				VERSION_INFO_PREFIX = "";
			};
			name = Debug;
		};
		0162A03C2BE80C6C009B83E9 /* Release */ = {
			isa = XCBuildConfiguration;
			buildSettings = {
				CODE_SIGN_STYLE = Automatic;
				CURRENT_PROJECT_VERSION = 1;
				DEFINES_MODULE = YES;
				DEVELOPMENT_TEAM = 4S3J7NRC9R;
				DYLIB_COMPATIBILITY_VERSION = 1;
				DYLIB_CURRENT_VERSION = 1;
				DYLIB_INSTALL_NAME_BASE = "@rpath";
				ENABLE_MODULE_VERIFIER = YES;
				GENERATE_INFOPLIST_FILE = YES;
				INFOPLIST_KEY_NSHumanReadableCopyright = "";
				INSTALL_PATH = "$(LOCAL_LIBRARY_DIR)/Frameworks";
				IPHONEOS_DEPLOYMENT_TARGET = 17.4;
				LD_RUNPATH_SEARCH_PATHS = (
					"$(inherited)",
					"@executable_path/Frameworks",
					"@loader_path/Frameworks",
				);
				MARKETING_VERSION = 1.0;
				MODULE_VERIFIER_SUPPORTED_LANGUAGES = "objective-c objective-c++";
				MODULE_VERIFIER_SUPPORTED_LANGUAGE_STANDARDS = "gnu17 gnu++20";
				PRODUCT_BUNDLE_IDENTIFIER = com.roya1.BetterToDoKit;
				PRODUCT_NAME = "$(TARGET_NAME:c99extidentifier)";
				SKIP_INSTALL = YES;
				SWIFT_EMIT_LOC_STRINGS = YES;
				TARGETED_DEVICE_FAMILY = "1,2";
				VERSIONING_SYSTEM = "apple-generic";
				VERSION_INFO_PREFIX = "";
			};
			name = Release;
		};
		01F4EE562BECDADB00273C2E /* Debug */ = {
			isa = XCBuildConfiguration;
			buildSettings = {
				ASSETCATALOG_COMPILER_GLOBAL_ACCENT_COLOR_NAME = AccentColor;
				ASSETCATALOG_COMPILER_WIDGET_BACKGROUND_COLOR_NAME = WidgetBackground;
				CODE_SIGN_STYLE = Automatic;
				CURRENT_PROJECT_VERSION = 1;
				DEVELOPMENT_TEAM = 4S3J7NRC9R;
				GENERATE_INFOPLIST_FILE = YES;
				INFOPLIST_FILE = BetterToDoWidget/Info.plist;
				INFOPLIST_KEY_CFBundleDisplayName = BetterToDoWidget;
				INFOPLIST_KEY_NSHumanReadableCopyright = "";
				IPHONEOS_DEPLOYMENT_TARGET = 17.4;
				LD_RUNPATH_SEARCH_PATHS = (
					"$(inherited)",
					"@executable_path/Frameworks",
					"@executable_path/../../Frameworks",
				);
				MARKETING_VERSION = 1.0;
				PRODUCT_BUNDLE_IDENTIFIER = com.roya1v.BetterToDo.BetterToDoWidget;
				PRODUCT_NAME = "$(TARGET_NAME)";
				SKIP_INSTALL = YES;
				SWIFT_EMIT_LOC_STRINGS = YES;
				SWIFT_VERSION = 5.0;
				TARGETED_DEVICE_FAMILY = "1,2";
			};
			name = Debug;
		};
		01F4EE572BECDADB00273C2E /* Release */ = {
			isa = XCBuildConfiguration;
			buildSettings = {
				ASSETCATALOG_COMPILER_GLOBAL_ACCENT_COLOR_NAME = AccentColor;
				ASSETCATALOG_COMPILER_WIDGET_BACKGROUND_COLOR_NAME = WidgetBackground;
				CODE_SIGN_STYLE = Automatic;
				CURRENT_PROJECT_VERSION = 1;
				DEVELOPMENT_TEAM = 4S3J7NRC9R;
				GENERATE_INFOPLIST_FILE = YES;
				INFOPLIST_FILE = BetterToDoWidget/Info.plist;
				INFOPLIST_KEY_CFBundleDisplayName = BetterToDoWidget;
				INFOPLIST_KEY_NSHumanReadableCopyright = "";
				IPHONEOS_DEPLOYMENT_TARGET = 17.4;
				LD_RUNPATH_SEARCH_PATHS = (
					"$(inherited)",
					"@executable_path/Frameworks",
					"@executable_path/../../Frameworks",
				);
				MARKETING_VERSION = 1.0;
				PRODUCT_BUNDLE_IDENTIFIER = com.roya1v.BetterToDo.BetterToDoWidget;
				PRODUCT_NAME = "$(TARGET_NAME)";
				SKIP_INSTALL = YES;
				SWIFT_EMIT_LOC_STRINGS = YES;
				SWIFT_VERSION = 5.0;
				TARGETED_DEVICE_FAMILY = "1,2";
			};
			name = Release;
		};
/* End XCBuildConfiguration section */

/* Begin XCConfigurationList section */
		011E70822ADFD925003E92F5 /* Build configuration list for PBXProject "BetterToDo" */ = {
			isa = XCConfigurationList;
			buildConfigurations = (
				011E70992ADFD926003E92F5 /* Debug */,
				011E709A2ADFD926003E92F5 /* Release */,
			);
			defaultConfigurationIsVisible = 0;
			defaultConfigurationName = Release;
		};
		011E709B2ADFD926003E92F5 /* Build configuration list for PBXNativeTarget "BetterToDo" */ = {
			isa = XCConfigurationList;
			buildConfigurations = (
				011E709C2ADFD926003E92F5 /* Debug */,
				011E709D2ADFD926003E92F5 /* Release */,
			);
			defaultConfigurationIsVisible = 0;
			defaultConfigurationName = Release;
		};
		0162A03D2BE80C6C009B83E9 /* Build configuration list for PBXNativeTarget "BetterToDoKit" */ = {
			isa = XCConfigurationList;
			buildConfigurations = (
				0162A03B2BE80C6C009B83E9 /* Debug */,
				0162A03C2BE80C6C009B83E9 /* Release */,
			);
			defaultConfigurationIsVisible = 0;
			defaultConfigurationName = Release;
		};
		01F4EE582BECDADB00273C2E /* Build configuration list for PBXNativeTarget "BetterToDoWidgetExtension" */ = {
			isa = XCConfigurationList;
			buildConfigurations = (
				01F4EE562BECDADB00273C2E /* Debug */,
				01F4EE572BECDADB00273C2E /* Release */,
			);
			defaultConfigurationIsVisible = 0;
			defaultConfigurationName = Release;
		};
/* End XCConfigurationList section */
	};
	rootObject = 011E707F2ADFD925003E92F5 /* Project object */;
}
