// !$*UTF8*$!
{
	archiveVersion = 1;
	classes = {
	};
	objectVersion = 56;
	objects = {

/* Begin PBXBuildFile section */
		011E708B2ADFD925003E92F5 /* AppDelegate.swift in Sources */ = {isa = PBXBuildFile; fileRef = 011E708A2ADFD925003E92F5 /* AppDelegate.swift */; };
		011E708D2ADFD925003E92F5 /* SceneDelegate.swift in Sources */ = {isa = PBXBuildFile; fileRef = 011E708C2ADFD925003E92F5 /* SceneDelegate.swift */; };
		011E708F2ADFD925003E92F5 /* MainViewController.swift in Sources */ = {isa = PBXBuildFile; fileRef = 011E708E2ADFD925003E92F5 /* MainViewController.swift */; };
		011E70922ADFD925003E92F5 /* Main.storyboard in Resources */ = {isa = PBXBuildFile; fileRef = 011E70902ADFD925003E92F5 /* Main.storyboard */; };
		011E70942ADFD926003E92F5 /* Assets.xcassets in Resources */ = {isa = PBXBuildFile; fileRef = 011E70932ADFD926003E92F5 /* Assets.xcassets */; };
		011E70972ADFD926003E92F5 /* LaunchScreen.storyboard in Resources */ = {isa = PBXBuildFile; fileRef = 011E70952ADFD926003E92F5 /* LaunchScreen.storyboard */; };
		011E70A22AE015E3003E92F5 /* ToDoService.m in Sources */ = {isa = PBXBuildFile; fileRef = 011E70A12AE015E3003E92F5 /* ToDoService.m */; };
		011E70A62AE01C08003E92F5 /* ToDoItem.m in Sources */ = {isa = PBXBuildFile; fileRef = 011E70A52AE01C08003E92F5 /* ToDoItem.m */; };
/* End PBXBuildFile section */

/* Begin PBXFileReference section */
		011E70872ADFD925003E92F5 /* BetterToDo.app */ = {isa = PBXFileReference; explicitFileType = wrapper.application; includeInIndex = 0; path = BetterToDo.app; sourceTree = BUILT_PRODUCTS_DIR; };
		011E708A2ADFD925003E92F5 /* AppDelegate.swift */ = {isa = PBXFileReference; lastKnownFileType = sourcecode.swift; path = AppDelegate.swift; sourceTree = "<group>"; };
		011E708C2ADFD925003E92F5 /* SceneDelegate.swift */ = {isa = PBXFileReference; lastKnownFileType = sourcecode.swift; path = SceneDelegate.swift; sourceTree = "<group>"; };
		011E708E2ADFD925003E92F5 /* MainViewController.swift */ = {isa = PBXFileReference; lastKnownFileType = sourcecode.swift; path = MainViewController.swift; sourceTree = "<group>"; };
		011E70912ADFD925003E92F5 /* Base */ = {isa = PBXFileReference; lastKnownFileType = file.storyboard; name = Base; path = Base.lproj/Main.storyboard; sourceTree = "<group>"; };
		011E70932ADFD926003E92F5 /* Assets.xcassets */ = {isa = PBXFileReference; lastKnownFileType = folder.assetcatalog; path = Assets.xcassets; sourceTree = "<group>"; };
		011E70962ADFD926003E92F5 /* Base */ = {isa = PBXFileReference; lastKnownFileType = file.storyboard; name = Base; path = Base.lproj/LaunchScreen.storyboard; sourceTree = "<group>"; };
		011E70982ADFD926003E92F5 /* Info.plist */ = {isa = PBXFileReference; lastKnownFileType = text.plist.xml; path = Info.plist; sourceTree = "<group>"; };
		011E70A02AE015E2003E92F5 /* BetterToDo-Bridging-Header.h */ = {isa = PBXFileReference; lastKnownFileType = sourcecode.c.h; path = "BetterToDo-Bridging-Header.h"; sourceTree = "<group>"; };
		011E70A12AE015E3003E92F5 /* ToDoService.m */ = {isa = PBXFileReference; lastKnownFileType = sourcecode.c.objc; path = ToDoService.m; sourceTree = "<group>"; };
		011E70A32AE0160E003E92F5 /* ToDoService.h */ = {isa = PBXFileReference; lastKnownFileType = sourcecode.c.h; path = ToDoService.h; sourceTree = "<group>"; };
		011E70A42AE01C08003E92F5 /* ToDoItem.h */ = {isa = PBXFileReference; lastKnownFileType = sourcecode.c.h; path = ToDoItem.h; sourceTree = "<group>"; };
		011E70A52AE01C08003E92F5 /* ToDoItem.m */ = {isa = PBXFileReference; lastKnownFileType = sourcecode.c.objc; path = ToDoItem.m; sourceTree = "<group>"; };
/* End PBXFileReference section */

/* Begin PBXFrameworksBuildPhase section */
		011E70842ADFD925003E92F5 /* Frameworks */ = {
			isa = PBXFrameworksBuildPhase;
			buildActionMask = 2147483647;
			files = (
			);
			runOnlyForDeploymentPostprocessing = 0;
		};
/* End PBXFrameworksBuildPhase section */

/* Begin PBXGroup section */
		011E707E2ADFD925003E92F5 = {
			isa = PBXGroup;
			children = (
				011E70892ADFD925003E92F5 /* BetterToDo */,
				011E70882ADFD925003E92F5 /* Products */,
			);
			sourceTree = "<group>";
		};
		011E70882ADFD925003E92F5 /* Products */ = {
			isa = PBXGroup;
			children = (
				011E70872ADFD925003E92F5 /* BetterToDo.app */,
			);
			name = Products;
			sourceTree = "<group>";
		};
		011E70892ADFD925003E92F5 /* BetterToDo */ = {
			isa = PBXGroup;
			children = (
				011E708A2ADFD925003E92F5 /* AppDelegate.swift */,
				011E708C2ADFD925003E92F5 /* SceneDelegate.swift */,
				011E708E2ADFD925003E92F5 /* MainViewController.swift */,
				011E70A02AE015E2003E92F5 /* BetterToDo-Bridging-Header.h */,
				011E70A32AE0160E003E92F5 /* ToDoService.h */,
				011E70A12AE015E3003E92F5 /* ToDoService.m */,
				011E70A42AE01C08003E92F5 /* ToDoItem.h */,
				011E70A52AE01C08003E92F5 /* ToDoItem.m */,
				011E70902ADFD925003E92F5 /* Main.storyboard */,
				011E70932ADFD926003E92F5 /* Assets.xcassets */,
				011E70952ADFD926003E92F5 /* LaunchScreen.storyboard */,
				011E70982ADFD926003E92F5 /* Info.plist */,
			);
			path = BetterToDo;
			sourceTree = "<group>";
		};
/* End PBXGroup section */

/* Begin PBXNativeTarget section */
		011E70862ADFD925003E92F5 /* BetterToDo */ = {
			isa = PBXNativeTarget;
			buildConfigurationList = 011E709B2ADFD926003E92F5 /* Build configuration list for PBXNativeTarget "BetterToDo" */;
			buildPhases = (
				011E70832ADFD925003E92F5 /* Sources */,
				011E70842ADFD925003E92F5 /* Frameworks */,
				011E70852ADFD925003E92F5 /* Resources */,
			);
			buildRules = (
			);
			dependencies = (
			);
			name = BetterToDo;
			productName = BetterToDo;
			productReference = 011E70872ADFD925003E92F5 /* BetterToDo.app */;
			productType = "com.apple.product-type.application";
		};
/* End PBXNativeTarget section */

/* Begin PBXProject section */
		011E707F2ADFD925003E92F5 /* Project object */ = {
			isa = PBXProject;
			attributes = {
				BuildIndependentTargetsInParallel = 1;
				LastSwiftUpdateCheck = 1500;
				LastUpgradeCheck = 1500;
				TargetAttributes = {
					011E70862ADFD925003E92F5 = {
						CreatedOnToolsVersion = 15.0;
						LastSwiftMigration = 1500;
					};
				};
			};
			buildConfigurationList = 011E70822ADFD925003E92F5 /* Build configuration list for PBXProject "BetterToDo" */;
			compatibilityVersion = "Xcode 14.0";
			developmentRegion = en;
			hasScannedForEncodings = 0;
			knownRegions = (
				en,
				Base,
			);
			mainGroup = 011E707E2ADFD925003E92F5;
			productRefGroup = 011E70882ADFD925003E92F5 /* Products */;
			projectDirPath = "";
			projectRoot = "";
			targets = (
				011E70862ADFD925003E92F5 /* BetterToDo */,
			);
		};
/* End PBXProject section */

/* Begin PBXResourcesBuildPhase section */
		011E70852ADFD925003E92F5 /* Resources */ = {
			isa = PBXResourcesBuildPhase;
			buildActionMask = 2147483647;
			files = (
				011E70972ADFD926003E92F5 /* LaunchScreen.storyboard in Resources */,
				011E70942ADFD926003E92F5 /* Assets.xcassets in Resources */,
				011E70922ADFD925003E92F5 /* Main.storyboard in Resources */,
			);
			runOnlyForDeploymentPostprocessing = 0;
		};
/* End PBXResourcesBuildPhase section */

/* Begin PBXSourcesBuildPhase section */
		011E70832ADFD925003E92F5 /* Sources */ = {
			isa = PBXSourcesBuildPhase;
			buildActionMask = 2147483647;
			files = (
				011E70A62AE01C08003E92F5 /* ToDoItem.m in Sources */,
				011E708F2ADFD925003E92F5 /* MainViewController.swift in Sources */,
				011E70A22AE015E3003E92F5 /* ToDoService.m in Sources */,
				011E708B2ADFD925003E92F5 /* AppDelegate.swift in Sources */,
				011E708D2ADFD925003E92F5 /* SceneDelegate.swift in Sources */,
			);
			runOnlyForDeploymentPostprocessing = 0;
		};
/* End PBXSourcesBuildPhase section */

/* Begin PBXVariantGroup section */
		011E70902ADFD925003E92F5 /* Main.storyboard */ = {
			isa = PBXVariantGroup;
			children = (
				011E70912ADFD925003E92F5 /* Base */,
			);
			name = Main.storyboard;
			sourceTree = "<group>";
		};
		011E70952ADFD926003E92F5 /* LaunchScreen.storyboard */ = {
			isa = PBXVariantGroup;
			children = (
				011E70962ADFD926003E92F5 /* Base */,
			);
			name = LaunchScreen.storyboard;
			sourceTree = "<group>";
		};
/* End PBXVariantGroup section */

/* Begin XCBuildConfiguration section */
		011E70992ADFD926003E92F5 /* Debug */ = {
			isa = XCBuildConfiguration;
			buildSettings = {
				ALWAYS_SEARCH_USER_PATHS = NO;
				ASSETCATALOG_COMPILER_GENERATE_SWIFT_ASSET_SYMBOL_EXTENSIONS = YES;
				CLANG_ANALYZER_NONNULL = YES;
				CLANG_ANALYZER_NUMBER_OBJECT_CONVERSION = YES_AGGRESSIVE;
				CLANG_CXX_LANGUAGE_STANDARD = "gnu++20";
				CLANG_ENABLE_MODULES = YES;
				CLANG_ENABLE_OBJC_ARC = YES;
				CLANG_ENABLE_OBJC_WEAK = YES;
				CLANG_WARN_BLOCK_CAPTURE_AUTORELEASING = YES;
				CLANG_WARN_BOOL_CONVERSION = YES;
				CLANG_WARN_COMMA = YES;
				CLANG_WARN_CONSTANT_CONVERSION = YES;
				CLANG_WARN_DEPRECATED_OBJC_IMPLEMENTATIONS = YES;
				CLANG_WARN_DIRECT_OBJC_ISA_USAGE = YES_ERROR;
				CLANG_WARN_DOCUMENTATION_COMMENTS = YES;
				CLANG_WARN_EMPTY_BODY = YES;
				CLANG_WARN_ENUM_CONVERSION = YES;
				CLANG_WARN_INFINITE_RECURSION = YES;
				CLANG_WARN_INT_CONVERSION = YES;
				CLANG_WARN_NON_LITERAL_NULL_CONVERSION = YES;
				CLANG_WARN_OBJC_IMPLICIT_RETAIN_SELF = YES;
				CLANG_WARN_OBJC_LITERAL_CONVERSION = YES;
				CLANG_WARN_OBJC_ROOT_CLASS = YES_ERROR;
				CLANG_WARN_QUOTED_INCLUDE_IN_FRAMEWORK_HEADER = YES;
				CLANG_WARN_RANGE_LOOP_ANALYSIS = YES;
				CLANG_WARN_STRICT_PROTOTYPES = YES;
				CLANG_WARN_SUSPICIOUS_MOVE = YES;
				CLANG_WARN_UNGUARDED_AVAILABILITY = YES_AGGRESSIVE;
				CLANG_WARN_UNREACHABLE_CODE = YES;
				CLANG_WARN__DUPLICATE_METHOD_MATCH = YES;
				COPY_PHASE_STRIP = NO;
				DEBUG_INFORMATION_FORMAT = dwarf;
				ENABLE_STRICT_OBJC_MSGSEND = YES;
				ENABLE_TESTABILITY = YES;
				ENABLE_USER_SCRIPT_SANDBOXING = YES;
				GCC_C_LANGUAGE_STANDARD = gnu17;
				GCC_DYNAMIC_NO_PIC = NO;
				GCC_NO_COMMON_BLOCKS = YES;
				GCC_OPTIMIZATION_LEVEL = 0;
				GCC_PREPROCESSOR_DEFINITIONS = (
					"DEBUG=1",
					"$(inherited)",
				);
				GCC_WARN_64_TO_32_BIT_CONVERSION = YES;
				GCC_WARN_ABOUT_RETURN_TYPE = YES_ERROR;
				GCC_WARN_UNDECLARED_SELECTOR = YES;
				GCC_WARN_UNINITIALIZED_AUTOS = YES_AGGRESSIVE;
				GCC_WARN_UNUSED_FUNCTION = YES;
				GCC_WARN_UNUSED_VARIABLE = YES;
				IPHONEOS_DEPLOYMENT_TARGET = 17.0;
				LOCALIZATION_PREFERS_STRING_CATALOGS = YES;
				MTL_ENABLE_DEBUG_INFO = INCLUDE_SOURCE;
				MTL_FAST_MATH = YES;
				ONLY_ACTIVE_ARCH = YES;
				SDKROOT = iphoneos;
				SWIFT_ACTIVE_COMPILATION_CONDITIONS = "DEBUG $(inherited)";
				SWIFT_OPTIMIZATION_LEVEL = "-Onone";
			};
			name = Debug;
		};
		011E709A2ADFD926003E92F5 /* Release */ = {
			isa = XCBuildConfiguration;
			buildSettings = {
				ALWAYS_SEARCH_USER_PATHS = NO;
				ASSETCATALOG_COMPILER_GENERATE_SWIFT_ASSET_SYMBOL_EXTENSIONS = YES;
				CLANG_ANALYZER_NONNULL = YES;
				CLANG_ANALYZER_NUMBER_OBJECT_CONVERSION = YES_AGGRESSIVE;
				CLANG_CXX_LANGUAGE_STANDARD = "gnu++20";
				CLANG_ENABLE_MODULES = YES;
				CLANG_ENABLE_OBJC_ARC = YES;
				CLANG_ENABLE_OBJC_WEAK = YES;
				CLANG_WARN_BLOCK_CAPTURE_AUTORELEASING = YES;
				CLANG_WARN_BOOL_CONVERSION = YES;
				CLANG_WARN_COMMA = YES;
				CLANG_WARN_CONSTANT_CONVERSION = YES;
				CLANG_WARN_DEPRECATED_OBJC_IMPLEMENTATIONS = YES;
				CLANG_WARN_DIRECT_OBJC_ISA_USAGE = YES_ERROR;
				CLANG_WARN_DOCUMENTATION_COMMENTS = YES;
				CLANG_WARN_EMPTY_BODY = YES;
				CLANG_WARN_ENUM_CONVERSION = YES;
				CLANG_WARN_INFINITE_RECURSION = YES;
				CLANG_WARN_INT_CONVERSION = YES;
				CLANG_WARN_NON_LITERAL_NULL_CONVERSION = YES;
				CLANG_WARN_OBJC_IMPLICIT_RETAIN_SELF = YES;
				CLANG_WARN_OBJC_LITERAL_CONVERSION = YES;
				CLANG_WARN_OBJC_ROOT_CLASS = YES_ERROR;
				CLANG_WARN_QUOTED_INCLUDE_IN_FRAMEWORK_HEADER = YES;
				CLANG_WARN_RANGE_LOOP_ANALYSIS = YES;
				CLANG_WARN_STRICT_PROTOTYPES = YES;
				CLANG_WARN_SUSPICIOUS_MOVE = YES;
				CLANG_WARN_UNGUARDED_AVAILABILITY = YES_AGGRESSIVE;
				CLANG_WARN_UNREACHABLE_CODE = YES;
				CLANG_WARN__DUPLICATE_METHOD_MATCH = YES;
				COPY_PHASE_STRIP = NO;
				DEBUG_INFORMATION_FORMAT = "dwarf-with-dsym";
				ENABLE_NS_ASSERTIONS = NO;
				ENABLE_STRICT_OBJC_MSGSEND = YES;
				ENABLE_USER_SCRIPT_SANDBOXING = YES;
				GCC_C_LANGUAGE_STANDARD = gnu17;
				GCC_NO_COMMON_BLOCKS = YES;
				GCC_WARN_64_TO_32_BIT_CONVERSION = YES;
				GCC_WARN_ABOUT_RETURN_TYPE = YES_ERROR;
				GCC_WARN_UNDECLARED_SELECTOR = YES;
				GCC_WARN_UNINITIALIZED_AUTOS = YES_AGGRESSIVE;
				GCC_WARN_UNUSED_FUNCTION = YES;
				GCC_WARN_UNUSED_VARIABLE = YES;
				IPHONEOS_DEPLOYMENT_TARGET = 17.0;
				LOCALIZATION_PREFERS_STRING_CATALOGS = YES;
				MTL_ENABLE_DEBUG_INFO = NO;
				MTL_FAST_MATH = YES;
				SDKROOT = iphoneos;
				SWIFT_COMPILATION_MODE = wholemodule;
				VALIDATE_PRODUCT = YES;
			};
			name = Release;
		};
		011E709C2ADFD926003E92F5 /* Debug */ = {
			isa = XCBuildConfiguration;
			buildSettings = {
				ASSETCATALOG_COMPILER_APPICON_NAME = AppIcon;
				ASSETCATALOG_COMPILER_GLOBAL_ACCENT_COLOR_NAME = AccentColor;
				CLANG_ENABLE_MODULES = YES;
				CODE_SIGN_STYLE = Automatic;
				CURRENT_PROJECT_VERSION = 1;
				DEVELOPMENT_TEAM = 4S3J7NRC9R;
				GENERATE_INFOPLIST_FILE = YES;
				INFOPLIST_FILE = BetterToDo/Info.plist;
				INFOPLIST_KEY_UIApplicationSupportsIndirectInputEvents = YES;
				INFOPLIST_KEY_UILaunchStoryboardName = LaunchScreen;
				INFOPLIST_KEY_UIMainStoryboardFile = Main;
				INFOPLIST_KEY_UISupportedInterfaceOrientations_iPad = "UIInterfaceOrientationPortrait UIInterfaceOrientationPortraitUpsideDown UIInterfaceOrientationLandscapeLeft UIInterfaceOrientationLandscapeRight";
				INFOPLIST_KEY_UISupportedInterfaceOrientations_iPhone = "UIInterfaceOrientationPortrait UIInterfaceOrientationLandscapeLeft UIInterfaceOrientationLandscapeRight";
				LD_RUNPATH_SEARCH_PATHS = (
					"$(inherited)",
					"@executable_path/Frameworks",
				);
				MARKETING_VERSION = 1.0;
				PRODUCT_BUNDLE_IDENTIFIER = com.roya1v.BetterToDo;
				PRODUCT_NAME = "$(TARGET_NAME)";
				SWIFT_EMIT_LOC_STRINGS = YES;
				SWIFT_OBJC_BRIDGING_HEADER = "BetterToDo/BetterToDo-Bridging-Header.h";
				SWIFT_OPTIMIZATION_LEVEL = "-Onone";
				SWIFT_VERSION = 5.0;
				TARGETED_DEVICE_FAMILY = "1,2";
			};
			name = Debug;
		};
		011E709D2ADFD926003E92F5 /* Release */ = {
			isa = XCBuildConfiguration;
			buildSettings = {
				ASSETCATALOG_COMPILER_APPICON_NAME = AppIcon;
				ASSETCATALOG_COMPILER_GLOBAL_ACCENT_COLOR_NAME = AccentColor;
				CLANG_ENABLE_MODULES = YES;
				CODE_SIGN_STYLE = Automatic;
				CURRENT_PROJECT_VERSION = 1;
				DEVELOPMENT_TEAM = 4S3J7NRC9R;
				GENERATE_INFOPLIST_FILE = YES;
				INFOPLIST_FILE = BetterToDo/Info.plist;
				INFOPLIST_KEY_UIApplicationSupportsIndirectInputEvents = YES;
				INFOPLIST_KEY_UILaunchStoryboardName = LaunchScreen;
				INFOPLIST_KEY_UIMainStoryboardFile = Main;
				INFOPLIST_KEY_UISupportedInterfaceOrientations_iPad = "UIInterfaceOrientationPortrait UIInterfaceOrientationPortraitUpsideDown UIInterfaceOrientationLandscapeLeft UIInterfaceOrientationLandscapeRight";
				INFOPLIST_KEY_UISupportedInterfaceOrientations_iPhone = "UIInterfaceOrientationPortrait UIInterfaceOrientationLandscapeLeft UIInterfaceOrientationLandscapeRight";
				LD_RUNPATH_SEARCH_PATHS = (
					"$(inherited)",
					"@executable_path/Frameworks",
				);
				MARKETING_VERSION = 1.0;
				PRODUCT_BUNDLE_IDENTIFIER = com.roya1v.BetterToDo;
				PRODUCT_NAME = "$(TARGET_NAME)";
				SWIFT_EMIT_LOC_STRINGS = YES;
				SWIFT_OBJC_BRIDGING_HEADER = "BetterToDo/BetterToDo-Bridging-Header.h";
				SWIFT_VERSION = 5.0;
				TARGETED_DEVICE_FAMILY = "1,2";
			};
			name = Release;
		};
/* End XCBuildConfiguration section */

/* Begin XCConfigurationList section */
		011E70822ADFD925003E92F5 /* Build configuration list for PBXProject "BetterToDo" */ = {
			isa = XCConfigurationList;
			buildConfigurations = (
				011E70992ADFD926003E92F5 /* Debug */,
				011E709A2ADFD926003E92F5 /* Release */,
			);
			defaultConfigurationIsVisible = 0;
			defaultConfigurationName = Release;
		};
		011E709B2ADFD926003E92F5 /* Build configuration list for PBXNativeTarget "BetterToDo" */ = {
			isa = XCConfigurationList;
			buildConfigurations = (
				011E709C2ADFD926003E92F5 /* Debug */,
				011E709D2ADFD926003E92F5 /* Release */,
			);
			defaultConfigurationIsVisible = 0;
			defaultConfigurationName = Release;
		};
/* End XCConfigurationList section */
	};
	rootObject = 011E707F2ADFD925003E92F5 /* Project object */;
}
